dependencies:
  espressif/esp_codec_dev:
    component_hash: c71e2d13dad6fc41561590dd88dbc45c79e3f4ef48d5ee3575c60e8b6c8e79d5
    dependencies:
    - name: idf
      require: private
      version: '>=4.0'
    source:
      registry_url: https://components.espressif.com/
      type: service
    version: 1.3.5
  idf:
    source:
      type: idf
    version: 5.4.1
direct_dependencies:
- espressif/esp_codec_dev
- idf
manifest_hash: c74d03622862bf2a85301c12f34d445e0d5bfc643f05f1b14820503605dd0b55
target: esp32s3
version: 2.0.0
